// !$*UTF8*$!
{
	archiveVersion = 1;
	classes = {
	};
	objectVersion = 51;
	objects = {

/* Begin PBXBuildFile section */
		1882D01B23718F310011BDE3 /* DemoListController.swift in Sources */ = {isa = PBXBuildFile; fileRef = 1882D01A23718F310011BDE3 /* DemoListController.swift */; };
		1882D01E237192EF0011BDE3 /* BaseCollectionCell.swift in Sources */ = {isa = PBXBuildFile; fileRef = 1882D01D237192EF0011BDE3 /* BaseCollectionCell.swift */; };
		1882D0202371942D0011BDE3 /* UIView+Extension.swift in Sources */ = {isa = PBXBuildFile; fileRef = 1882D01F2371942D0011BDE3 /* UIView+Extension.swift */; };
		1882D0222371A13E0011BDE3 /* Demo.swift in Sources */ = {isa = PBXBuildFile; fileRef = 1882D0212371A13E0011BDE3 /* Demo.swift */; };
		1882D0242371A6270011BDE3 /* GridLayoutController.swift in Sources */ = {isa = PBXBuildFile; fileRef = 1882D0232371A6270011BDE3 /* GridLayoutController.swift */; };
		1882D0262371AD090011BDE3 /* PaginationController.swift in Sources */ = {isa = PBXBuildFile; fileRef = 1882D0252371AD090011BDE3 /* PaginationController.swift */; };
		1882D0282371C8730011BDE3 /* CommonUtils.swift in Sources */ = {isa = PBXBuildFile; fileRef = 1882D0272371C8730011BDE3 /* CommonUtils.swift */; };
		1896E816218956E800914372 /* UIColor+Extension.swift in Sources */ = {isa = PBXBuildFile; fileRef = 1896E815218956E800914372 /* UIColor+Extension.swift */; };
		18CFB42621ABFEC40059A9AD /* Date+Extension.swift in Sources */ = {isa = PBXBuildFile; fileRef = 18CFB42521ABFEC40059A9AD /* Date+Extension.swift */; };
		18F070E92185CDCD000422F0 /* Assets.xcassets in Resources */ = {isa = PBXBuildFile; fileRef = 18F070E82185CDCD000422F0 /* Assets.xcassets */; };
		18F070EC2185CDCD000422F0 /* LaunchScreen.storyboard in Resources */ = {isa = PBXBuildFile; fileRef = 18F070EA2185CDCD000422F0 /* LaunchScreen.storyboard */; };
		18F071002185D11B000422F0 /* AppDelegate.swift in Sources */ = {isa = PBXBuildFile; fileRef = 18F070F92185D11B000422F0 /* AppDelegate.swift */; };
		7D3B74BEB8095BFF781395B4 /* Pods_Do_it.framework in Frameworks */ = {isa = PBXBuildFile; fileRef = 28296A4DB32754E49DE4EB4D /* Pods_Do_it.framework */; };
/* End PBXBuildFile section */

/* Begin PBXFileReference section */
		1882D01A23718F310011BDE3 /* DemoListController.swift */ = {isa = PBXFileReference; lastKnownFileType = sourcecode.swift; path = DemoListController.swift; sourceTree = "<group>"; };
		1882D01D237192EF0011BDE3 /* BaseCollectionCell.swift */ = {isa = PBXFileReference; lastKnownFileType = sourcecode.swift; path = BaseCollectionCell.swift; sourceTree = "<group>"; };
		1882D01F2371942D0011BDE3 /* UIView+Extension.swift */ = {isa = PBXFileReference; lastKnownFileType = sourcecode.swift; path = "UIView+Extension.swift"; sourceTree = "<group>"; };
		1882D0212371A13E0011BDE3 /* Demo.swift */ = {isa = PBXFileReference; lastKnownFileType = sourcecode.swift; path = Demo.swift; sourceTree = "<group>"; };
		1882D0232371A6270011BDE3 /* GridLayoutController.swift */ = {isa = PBXFileReference; lastKnownFileType = sourcecode.swift; path = GridLayoutController.swift; sourceTree = "<group>"; };
		1882D0252371AD090011BDE3 /* PaginationController.swift */ = {isa = PBXFileReference; lastKnownFileType = sourcecode.swift; path = PaginationController.swift; sourceTree = "<group>"; };
		1882D0272371C8730011BDE3 /* CommonUtils.swift */ = {isa = PBXFileReference; lastKnownFileType = sourcecode.swift; path = CommonUtils.swift; sourceTree = "<group>"; };
		1896E815218956E800914372 /* UIColor+Extension.swift */ = {isa = PBXFileReference; fileEncoding = 4; lastKnownFileType = sourcecode.swift; path = "UIColor+Extension.swift"; sourceTree = "<group>"; };
		18CFB42521ABFEC40059A9AD /* Date+Extension.swift */ = {isa = PBXFileReference; lastKnownFileType = sourcecode.swift; path = "Date+Extension.swift"; sourceTree = "<group>"; };
		18F070DB2185CDCB000422F0 /* Do it.app */ = {isa = PBXFileReference; explicitFileType = wrapper.application; includeInIndex = 0; path = "Do it.app"; sourceTree = BUILT_PRODUCTS_DIR; };
		18F070E82185CDCD000422F0 /* Assets.xcassets */ = {isa = PBXFileReference; lastKnownFileType = folder.assetcatalog; path = Assets.xcassets; sourceTree = "<group>"; };
		18F070EB2185CDCD000422F0 /* Base */ = {isa = PBXFileReference; lastKnownFileType = file.storyboard; name = Base; path = Base.lproj/LaunchScreen.storyboard; sourceTree = "<group>"; };
		18F070F92185D11B000422F0 /* AppDelegate.swift */ = {isa = PBXFileReference; fileEncoding = 4; lastKnownFileType = sourcecode.swift; path = AppDelegate.swift; sourceTree = "<group>"; };
		28296A4DB32754E49DE4EB4D /* Pods_Do_it.framework */ = {isa = PBXFileReference; explicitFileType = wrapper.framework; includeInIndex = 0; path = Pods_Do_it.framework; sourceTree = BUILT_PRODUCTS_DIR; };
		E23FEB59CC72F01D7A936ABB /* Pods-Do it.debug.xcconfig */ = {isa = PBXFileReference; includeInIndex = 1; lastKnownFileType = text.xcconfig; name = "Pods-Do it.debug.xcconfig"; path = "Pods/Target Support Files/Pods-Do it/Pods-Do it.debug.xcconfig"; sourceTree = "<group>"; };
		EC371B1783512AA0CCB994C6 /* Pods-Do it.release.xcconfig */ = {isa = PBXFileReference; includeInIndex = 1; lastKnownFileType = text.xcconfig; name = "Pods-Do it.release.xcconfig"; path = "Pods/Target Support Files/Pods-Do it/Pods-Do it.release.xcconfig"; sourceTree = "<group>"; };
/* End PBXFileReference section */

/* Begin PBXFrameworksBuildPhase section */
		18F070D82185CDCB000422F0 /* Frameworks */ = {
			isa = PBXFrameworksBuildPhase;
			buildActionMask = 2147483647;
			files = (
				7D3B74BEB8095BFF781395B4 /* Pods_Do_it.framework in Frameworks */,
			);
			runOnlyForDeploymentPostprocessing = 0;
		};
/* End PBXFrameworksBuildPhase section */

/* Begin PBXGroup section */
		1882D01C237192D20011BDE3 /* Base */ = {
			isa = PBXGroup;
			children = (
				1882D01D237192EF0011BDE3 /* BaseCollectionCell.swift */,
			);
			path = Base;
			sourceTree = "<group>";
		};
		18F070D22185CDCB000422F0 = {
			isa = PBXGroup;
			children = (
				18F070DD2185CDCB000422F0 /* Do it */,
				18F070DC2185CDCB000422F0 /* Products */,
				1F9DCE7CD29AAB380D21B483 /* Pods */,
				7AE97A679472EF6946ECFD9A /* Frameworks */,
			);
			sourceTree = "<group>";
		};
		18F070DC2185CDCB000422F0 /* Products */ = {
			isa = PBXGroup;
			children = (
				18F070DB2185CDCB000422F0 /* Do it.app */,
			);
			name = Products;
			sourceTree = "<group>";
		};
		18F070DD2185CDCB000422F0 /* Do it */ = {
			isa = PBXGroup;
			children = (
				18F070F52185D11B000422F0 /* SourceCode */,
				18F070F32185D11B000422F0 /* OtherFiles */,
			);
			path = "Do it";
			sourceTree = "<group>";
		};
		18F070F32185D11B000422F0 /* OtherFiles */ = {
			isa = PBXGroup;
			children = (
				18F070E82185CDCD000422F0 /* Assets.xcassets */,
			);
			path = OtherFiles;
			sourceTree = "<group>";
		};
		18F070F52185D11B000422F0 /* SourceCode */ = {
			isa = PBXGroup;
			children = (
				18F070F82185D11B000422F0 /* AppDelegate */,
				18F070FA2185D11B000422F0 /* Views */,
				18F070F62185D11B000422F0 /* Controller */,
				18F070F72185D11B000422F0 /* Model */,
				18F070FC2185D11B000422F0 /* Utility */,
			);
			path = SourceCode;
			sourceTree = "<group>";
		};
		18F070F62185D11B000422F0 /* Controller */ = {
			isa = PBXGroup;
			children = (
				1882D01C237192D20011BDE3 /* Base */,
				1882D01A23718F310011BDE3 /* DemoListController.swift */,
				1882D0232371A6270011BDE3 /* GridLayoutController.swift */,
				1882D0252371AD090011BDE3 /* PaginationController.swift */,
			);
			path = Controller;
			sourceTree = "<group>";
		};
		18F070F72185D11B000422F0 /* Model */ = {
			isa = PBXGroup;
			children = (
				1882D0212371A13E0011BDE3 /* Demo.swift */,
			);
			path = Model;
			sourceTree = "<group>";
		};
		18F070F82185D11B000422F0 /* AppDelegate */ = {
			isa = PBXGroup;
			children = (
				18F070F92185D11B000422F0 /* AppDelegate.swift */,
			);
			path = AppDelegate;
			sourceTree = "<group>";
		};
		18F070FA2185D11B000422F0 /* Views */ = {
			isa = PBXGroup;
			children = (
				18F070FB2185D11B000422F0 /* Storyboard */,
			);
			path = Views;
			sourceTree = "<group>";
		};
		18F070FB2185D11B000422F0 /* Storyboard */ = {
			isa = PBXGroup;
			children = (
				18F070EA2185CDCD000422F0 /* LaunchScreen.storyboard */,
			);
			path = Storyboard;
			sourceTree = "<group>";
		};
		18F070FC2185D11B000422F0 /* Utility */ = {
			isa = PBXGroup;
			children = (
				1896E815218956E800914372 /* UIColor+Extension.swift */,
				18CFB42521ABFEC40059A9AD /* Date+Extension.swift */,
				1882D01F2371942D0011BDE3 /* UIView+Extension.swift */,
				1882D0272371C8730011BDE3 /* CommonUtils.swift */,
			);
			path = Utility;
			sourceTree = "<group>";
		};
		1F9DCE7CD29AAB380D21B483 /* Pods */ = {
			isa = PBXGroup;
			children = (
				E23FEB59CC72F01D7A936ABB /* Pods-Do it.debug.xcconfig */,
				EC371B1783512AA0CCB994C6 /* Pods-Do it.release.xcconfig */,
			);
			name = Pods;
			sourceTree = "<group>";
		};
		7AE97A679472EF6946ECFD9A /* Frameworks */ = {
			isa = PBXGroup;
			children = (
				28296A4DB32754E49DE4EB4D /* Pods_Do_it.framework */,
			);
			name = Frameworks;
			sourceTree = "<group>";
		};
/* End PBXGroup section */

/* Begin PBXNativeTarget section */
		18F070DA2185CDCB000422F0 /* Do it */ = {
			isa = PBXNativeTarget;
			buildConfigurationList = 18F070F02185CDCD000422F0 /* Build configuration list for PBXNativeTarget "Do it" */;
			buildPhases = (
				662469037CCE98CD6A81EB22 /* [CP] Check Pods Manifest.lock */,
				18F070D72185CDCB000422F0 /* Sources */,
				18F070D82185CDCB000422F0 /* Frameworks */,
				18F070D92185CDCB000422F0 /* Resources */,
				C12C4907C4794EC3FB584A2B /* [CP] Embed Pods Frameworks */,
			);
			buildRules = (
			);
			dependencies = (
			);
			name = "Do it";
			productName = "Do it";
			productReference = 18F070DB2185CDCB000422F0 /* Do it.app */;
			productType = "com.apple.product-type.application";
		};
/* End PBXNativeTarget section */

/* Begin PBXProject section */
		18F070D32185CDCB000422F0 /* Project object */ = {
			isa = PBXProject;
			attributes = {
				LastSwiftUpdateCheck = 1000;
				LastUpgradeCheck = 1000;
				ORGANIZATIONNAME = "Nitin Aggarwal";
				TargetAttributes = {
					18F070DA2185CDCB000422F0 = {
						CreatedOnToolsVersion = 10.0;
					};
				};
			};
			buildConfigurationList = 18F070D62185CDCB000422F0 /* Build configuration list for PBXProject "Do it" */;
			compatibilityVersion = "Xcode 9.3";
			developmentRegion = en;
			hasScannedForEncodings = 0;
			knownRegions = (
				en,
				Base,
			);
			mainGroup = 18F070D22185CDCB000422F0;
			productRefGroup = 18F070DC2185CDCB000422F0 /* Products */;
			projectDirPath = "";
			projectRoot = "";
			targets = (
				18F070DA2185CDCB000422F0 /* Do it */,
			);
		};
/* End PBXProject section */

/* Begin PBXResourcesBuildPhase section */
		18F070D92185CDCB000422F0 /* Resources */ = {
			isa = PBXResourcesBuildPhase;
			buildActionMask = 2147483647;
			files = (
				18F070EC2185CDCD000422F0 /* LaunchScreen.storyboard in Resources */,
				18F070E92185CDCD000422F0 /* Assets.xcassets in Resources */,
			);
			runOnlyForDeploymentPostprocessing = 0;
		};
/* End PBXResourcesBuildPhase section */

/* Begin PBXShellScriptBuildPhase section */
		662469037CCE98CD6A81EB22 /* [CP] Check Pods Manifest.lock */ = {
			isa = PBXShellScriptBuildPhase;
			buildActionMask = 2147483647;
			files = (
			);
			inputFileListPaths = (
			);
			inputPaths = (
				"${PODS_PODFILE_DIR_PATH}/Podfile.lock",
				"${PODS_ROOT}/Manifest.lock",
			);
			name = "[CP] Check Pods Manifest.lock";
			outputFileListPaths = (
			);
			outputPaths = (
				"$(DERIVED_FILE_DIR)/Pods-Do it-checkManifestLockResult.txt",
			);
			runOnlyForDeploymentPostprocessing = 0;
			shellPath = /bin/sh;
			shellScript = "diff \"${PODS_PODFILE_DIR_PATH}/Podfile.lock\" \"${PODS_ROOT}/Manifest.lock\" > /dev/null\nif [ $? != 0 ] ; then\n    # print error to STDERR\n    echo \"error: The sandbox is not in sync with the Podfile.lock. Run 'pod install' or update your CocoaPods installation.\" >&2\n    exit 1\nfi\n# This output is used by Xcode 'outputs' to avoid re-running this script phase.\necho \"SUCCESS\" > \"${SCRIPT_OUTPUT_FILE_0}\"\n";
			showEnvVarsInLog = 0;
		};
		C12C4907C4794EC3FB584A2B /* [CP] Embed Pods Frameworks */ = {
			isa = PBXShellScriptBuildPhase;
			buildActionMask = 2147483647;
			files = (
			);
			inputFileListPaths = (
				"${PODS_ROOT}/Target Support Files/Pods-Do it/Pods-Do it-frameworks-${CONFIGURATION}-input-files.xcfilelist",
			);
			name = "[CP] Embed Pods Frameworks";
			outputFileListPaths = (
				"${PODS_ROOT}/Target Support Files/Pods-Do it/Pods-Do it-frameworks-${CONFIGURATION}-output-files.xcfilelist",
			);
			runOnlyForDeploymentPostprocessing = 0;
			shellPath = /bin/sh;
			shellScript = "\"${PODS_ROOT}/Target Support Files/Pods-Do it/Pods-Do it-frameworks.sh\"\n";
			showEnvVarsInLog = 0;
		};
/* End PBXShellScriptBuildPhase section */

/* Begin PBXSourcesBuildPhase section */
		18F070D72185CDCB000422F0 /* Sources */ = {
			isa = PBXSourcesBuildPhase;
			buildActionMask = 2147483647;
			files = (
				18F071002185D11B000422F0 /* AppDelegate.swift in Sources */,
				1882D01E237192EF0011BDE3 /* BaseCollectionCell.swift in Sources */,
				1882D0262371AD090011BDE3 /* PaginationController.swift in Sources */,
				1882D0202371942D0011BDE3 /* UIView+Extension.swift in Sources */,
				1882D0242371A6270011BDE3 /* GridLayoutController.swift in Sources */,
				1896E816218956E800914372 /* UIColor+Extension.swift in Sources */,
				1882D0282371C8730011BDE3 /* CommonUtils.swift in Sources */,
				1882D0222371A13E0011BDE3 /* Demo.swift in Sources */,
				1882D01B23718F310011BDE3 /* DemoListController.swift in Sources */,
				18CFB42621ABFEC40059A9AD /* Date+Extension.swift in Sources */,
			);
			runOnlyForDeploymentPostprocessing = 0;
		};
/* End PBXSourcesBuildPhase section */

/* Begin PBXVariantGroup section */
		18F070EA2185CDCD000422F0 /* LaunchScreen.storyboard */ = {
			isa = PBXVariantGroup;
			children = (
				18F070EB2185CDCD000422F0 /* Base */,
			);
			name = LaunchScreen.storyboard;
			sourceTree = "<group>";
		};
/* End PBXVariantGroup section */

/* Begin XCBuildConfiguration section */
		18F070EE2185CDCD000422F0 /* Debug */ = {
			isa = XCBuildConfiguration;
			buildSettings = {
				ALWAYS_SEARCH_USER_PATHS = NO;
				CLANG_ANALYZER_NONNULL = YES;
				CLANG_ANALYZER_NUMBER_OBJECT_CONVERSION = YES_AGGRESSIVE;
				CLANG_CXX_LANGUAGE_STANDARD = "gnu++14";
				CLANG_CXX_LIBRARY = "libc++";
				CLANG_ENABLE_MODULES = YES;
				CLANG_ENABLE_OBJC_ARC = YES;
				CLANG_ENABLE_OBJC_WEAK = YES;
				CLANG_WARN_BLOCK_CAPTURE_AUTORELEASING = YES;
				CLANG_WARN_BOOL_CONVERSION = YES;
				CLANG_WARN_COMMA = YES;
				CLANG_WARN_CONSTANT_CONVERSION = YES;
				CLANG_WARN_DEPRECATED_OBJC_IMPLEMENTATIONS = YES;
				CLANG_WARN_DIRECT_OBJC_ISA_USAGE = YES_ERROR;
				CLANG_WARN_DOCUMENTATION_COMMENTS = YES;
				CLANG_WARN_EMPTY_BODY = YES;
				CLANG_WARN_ENUM_CONVERSION = YES;
				CLANG_WARN_INFINITE_RECURSION = YES;
				CLANG_WARN_INT_CONVERSION = YES;
				CLANG_WARN_NON_LITERAL_NULL_CONVERSION = YES;
				CLANG_WARN_OBJC_IMPLICIT_RETAIN_SELF = YES;
				CLANG_WARN_OBJC_LITERAL_CONVERSION = YES;
				CLANG_WARN_OBJC_ROOT_CLASS = YES_ERROR;
				CLANG_WARN_RANGE_LOOP_ANALYSIS = YES;
				CLANG_WARN_STRICT_PROTOTYPES = YES;
				CLANG_WARN_SUSPICIOUS_MOVE = YES;
				CLANG_WARN_UNGUARDED_AVAILABILITY = YES_AGGRESSIVE;
				CLANG_WARN_UNREACHABLE_CODE = YES;
				CLANG_WARN__DUPLICATE_METHOD_MATCH = YES;
				CODE_SIGN_IDENTITY = "iPhone Developer";
				COPY_PHASE_STRIP = NO;
				DEBUG_INFORMATION_FORMAT = dwarf;
				ENABLE_STRICT_OBJC_MSGSEND = YES;
				ENABLE_TESTABILITY = YES;
				GCC_C_LANGUAGE_STANDARD = gnu11;
				GCC_DYNAMIC_NO_PIC = NO;
				GCC_NO_COMMON_BLOCKS = YES;
				GCC_OPTIMIZATION_LEVEL = 0;
				GCC_PREPROCESSOR_DEFINITIONS = (
					"DEBUG=1",
					"$(inherited)",
				);
				GCC_WARN_64_TO_32_BIT_CONVERSION = YES;
				GCC_WARN_ABOUT_RETURN_TYPE = YES_ERROR;
				GCC_WARN_UNDECLARED_SELECTOR = YES;
				GCC_WARN_UNINITIALIZED_AUTOS = YES_AGGRESSIVE;
				GCC_WARN_UNUSED_FUNCTION = YES;
				GCC_WARN_UNUSED_VARIABLE = YES;
				IPHONEOS_DEPLOYMENT_TARGET = 12.0;
				MTL_ENABLE_DEBUG_INFO = INCLUDE_SOURCE;
				MTL_FAST_MATH = YES;
				ONLY_ACTIVE_ARCH = YES;
				SDKROOT = iphoneos;
				SWIFT_ACTIVE_COMPILATION_CONDITIONS = DEBUG;
				SWIFT_OPTIMIZATION_LEVEL = "-Onone";
			};
			name = Debug;
		};
		18F070EF2185CDCD000422F0 /* Release */ = {
			isa = XCBuildConfiguration;
			buildSettings = {
				ALWAYS_SEARCH_USER_PATHS = NO;
				CLANG_ANALYZER_NONNULL = YES;
				CLANG_ANALYZER_NUMBER_OBJECT_CONVERSION = YES_AGGRESSIVE;
				CLANG_CXX_LANGUAGE_STANDARD = "gnu++14";
				CLANG_CXX_LIBRARY = "libc++";
				CLANG_ENABLE_MODULES = YES;
				CLANG_ENABLE_OBJC_ARC = YES;
				CLANG_ENABLE_OBJC_WEAK = YES;
				CLANG_WARN_BLOCK_CAPTURE_AUTORELEASING = YES;
				CLANG_WARN_BOOL_CONVERSION = YES;
				CLANG_WARN_COMMA = YES;
				CLANG_WARN_CONSTANT_CONVERSION = YES;
				CLANG_WARN_DEPRECATED_OBJC_IMPLEMENTATIONS = YES;
				CLANG_WARN_DIRECT_OBJC_ISA_USAGE = YES_ERROR;
				CLANG_WARN_DOCUMENTATION_COMMENTS = YES;
				CLANG_WARN_EMPTY_BODY = YES;
				CLANG_WARN_ENUM_CONVERSION = YES;
				CLANG_WARN_INFINITE_RECURSION = YES;
				CLANG_WARN_INT_CONVERSION = YES;
				CLANG_WARN_NON_LITERAL_NULL_CONVERSION = YES;
				CLANG_WARN_OBJC_IMPLICIT_RETAIN_SELF = YES;
				CLANG_WARN_OBJC_LITERAL_CONVERSION = YES;
				CLANG_WARN_OBJC_ROOT_CLASS = YES_ERROR;
				CLANG_WARN_RANGE_LOOP_ANALYSIS = YES;
				CLANG_WARN_STRICT_PROTOTYPES = YES;
				CLANG_WARN_SUSPICIOUS_MOVE = YES;
				CLANG_WARN_UNGUARDED_AVAILABILITY = YES_AGGRESSIVE;
				CLANG_WARN_UNREACHABLE_CODE = YES;
				CLANG_WARN__DUPLICATE_METHOD_MATCH = YES;
				CODE_SIGN_IDENTITY = "iPhone Developer";
				COPY_PHASE_STRIP = NO;
				DEBUG_INFORMATION_FORMAT = "dwarf-with-dsym";
				ENABLE_NS_ASSERTIONS = NO;
				ENABLE_STRICT_OBJC_MSGSEND = YES;
				GCC_C_LANGUAGE_STANDARD = gnu11;
				GCC_NO_COMMON_BLOCKS = YES;
				GCC_WARN_64_TO_32_BIT_CONVERSION = YES;
				GCC_WARN_ABOUT_RETURN_TYPE = YES_ERROR;
				GCC_WARN_UNDECLARED_SELECTOR = YES;
				GCC_WARN_UNINITIALIZED_AUTOS = YES_AGGRESSIVE;
				GCC_WARN_UNUSED_FUNCTION = YES;
				GCC_WARN_UNUSED_VARIABLE = YES;
				IPHONEOS_DEPLOYMENT_TARGET = 12.0;
				MTL_ENABLE_DEBUG_INFO = NO;
				MTL_FAST_MATH = YES;
				SDKROOT = iphoneos;
				SWIFT_COMPILATION_MODE = wholemodule;
				SWIFT_OPTIMIZATION_LEVEL = "-O";
				VALIDATE_PRODUCT = YES;
			};
			name = Release;
		};
		18F070F12185CDCD000422F0 /* Debug */ = {
			isa = XCBuildConfiguration;
			baseConfigurationReference = E23FEB59CC72F01D7A936ABB /* Pods-Do it.debug.xcconfig */;
			buildSettings = {
				ASSETCATALOG_COMPILER_APPICON_NAME = AppIcon;
				CODE_SIGN_STYLE = Manual;
				DEVELOPMENT_TEAM = "";
				INFOPLIST_FILE = "$(SRCROOT)/Do it/OtherFiles/Info.plist";
				IPHONEOS_DEPLOYMENT_TARGET = 11.0;
				LD_RUNPATH_SEARCH_PATHS = (
					"$(inherited)",
					"@executable_path/Frameworks",
				);
				PRODUCT_BUNDLE_IDENTIFIER = com.app.test;
				PRODUCT_NAME = "$(TARGET_NAME)";
				PROVISIONING_PROFILE_SPECIFIER = "";
				SWIFT_VERSION = 4.2;
				TARGETED_DEVICE_FAMILY = 1;
			};
			name = Debug;
		};
		18F070F22185CDCD000422F0 /* Release */ = {
			isa = XCBuildConfiguration;
			baseConfigurationReference = EC371B1783512AA0CCB994C6 /* Pods-Do it.release.xcconfig */;
			buildSettings = {
				ASSETCATALOG_COMPILER_APPICON_NAME = AppIcon;
				CODE_SIGN_STYLE = Manual;
				DEVELOPMENT_TEAM = "";
				INFOPLIST_FILE = "$(SRCROOT)/Do it/OtherFiles/Info.plist";
				IPHONEOS_DEPLOYMENT_TARGET = 11.0;
				LD_RUNPATH_SEARCH_PATHS = (
					"$(inherited)",
					"@executable_path/Frameworks",
				);
				PRODUCT_BUNDLE_IDENTIFIER = com.app.test;
				PRODUCT_NAME = "$(TARGET_NAME)";
				PROVISIONING_PROFILE_SPECIFIER = "";
				SWIFT_VERSION = 4.2;
				TARGETED_DEVICE_FAMILY = 1;
			};
			name = Release;
		};
/* End XCBuildConfiguration section */

/* Begin XCConfigurationList section */
		18F070D62185CDCB000422F0 /* Build configuration list for PBXProject "Do it" */ = {
			isa = XCConfigurationList;
			buildConfigurations = (
				18F070EE2185CDCD000422F0 /* Debug */,
				18F070EF2185CDCD000422F0 /* Release */,
			);
			defaultConfigurationIsVisible = 0;
			defaultConfigurationName = Release;
		};
		18F070F02185CDCD000422F0 /* Build configuration list for PBXNativeTarget "Do it" */ = {
			isa = XCConfigurationList;
			buildConfigurations = (
				18F070F12185CDCD000422F0 /* Debug */,
				18F070F22185CDCD000422F0 /* Release */,
			);
			defaultConfigurationIsVisible = 0;
			defaultConfigurationName = Release;
		};
/* End XCConfigurationList section */
	};
	rootObject = 18F070D32185CDCB000422F0 /* Project object */;
}
